
Microsoft Visual Studio Solution File, Format Version 12.00
# Visual Studio 14
VisualStudioVersion = 14.0.25420.1
MinimumVisualStudioVersion = 10.0.40219.1
Project("{FAE04EC0-301F-11D3-BF4B-00C04F79EFBC}") = "Rapimed.Android", "Rapimed\Rapimed.Android\Rapimed.Android.csproj", "{3CB9DB30-E10D-457F-90DC-8A6536ECD7F1}"
EndProject
Project("{FAE04EC0-301F-11D3-BF4B-00C04F79EFBC}") = "Rapimed", "Rapimed\Rapimed\Rapimed.csproj", "{508F45DE-79F4-41F9-A053-40A1C970870A}"
EndProject
Project("{FAE04EC0-301F-11D3-BF4B-00C04F79EFBC}") = "Rapimed.UWP", "Rapimed\Rapimed.UWP\Rapimed.UWP.csproj", "{2AF69D57-84CD-408F-B369-722EE29C55DB}"
EndProject
Project("{FAE04EC0-301F-11D3-BF4B-00C04F79EFBC}") = "Rapimed.iOS", "Rapimed\Rapimed.iOS\Rapimed.iOS.csproj", "{B40986E1-A5B0-4C4F-8C80-037D7531D6B6}"
EndProject
Global
	GlobalSection(SolutionConfigurationPlatforms) = preSolution
		Ad-Hoc|Any CPU = Ad-Hoc|Any CPU
		Ad-Hoc|ARM = Ad-Hoc|ARM
		Ad-Hoc|iPhone = Ad-Hoc|iPhone
		Ad-Hoc|iPhoneSimulator = Ad-Hoc|iPhoneSimulator
		Ad-Hoc|x64 = Ad-Hoc|x64
		Ad-Hoc|x86 = Ad-Hoc|x86
		AppStore|Any CPU = AppStore|Any CPU
		AppStore|ARM = AppStore|ARM
		AppStore|iPhone = AppStore|iPhone
		AppStore|iPhoneSimulator = AppStore|iPhoneSimulator
		AppStore|x64 = AppStore|x64
		AppStore|x86 = AppStore|x86
		Debug|Any CPU = Debug|Any CPU
		Debug|ARM = Debug|ARM
		Debug|iPhone = Debug|iPhone
		Debug|iPhoneSimulator = Debug|iPhoneSimulator
		Debug|x64 = Debug|x64
		Debug|x86 = Debug|x86
		Release|Any CPU = Release|Any CPU
		Release|ARM = Release|ARM
		Release|iPhone = Release|iPhone
		Release|iPhoneSimulator = Release|iPhoneSimulator
		Release|x64 = Release|x64
		Release|x86 = Release|x86
	EndGlobalSection
	GlobalSection(ProjectConfigurationPlatforms) = postSolution
		{3CB9DB30-E10D-457F-90DC-8A6536ECD7F1}.Ad-Hoc|Any CPU.ActiveCfg = Release|Any CPU
		{3CB9DB30-E10D-457F-90DC-8A6536ECD7F1}.Ad-Hoc|Any CPU.Build.0 = Release|Any CPU
		{3CB9DB30-E10D-457F-90DC-8A6536ECD7F1}.Ad-Hoc|Any CPU.Deploy.0 = Release|Any CPU
		{3CB9DB30-E10D-457F-90DC-8A6536ECD7F1}.Ad-Hoc|ARM.ActiveCfg = Release|Any CPU
		{3CB9DB30-E10D-457F-90DC-8A6536ECD7F1}.Ad-Hoc|ARM.Build.0 = Release|Any CPU
		{3CB9DB30-E10D-457F-90DC-8A6536ECD7F1}.Ad-Hoc|ARM.Deploy.0 = Release|Any CPU
		{3CB9DB30-E10D-457F-90DC-8A6536ECD7F1}.Ad-Hoc|iPhone.ActiveCfg = Release|Any CPU
		{3CB9DB30-E10D-457F-90DC-8A6536ECD7F1}.Ad-Hoc|iPhone.Build.0 = Release|Any CPU
		{3CB9DB30-E10D-457F-90DC-8A6536ECD7F1}.Ad-Hoc|iPhone.Deploy.0 = Release|Any CPU
		{3CB9DB30-E10D-457F-90DC-8A6536ECD7F1}.Ad-Hoc|iPhoneSimulator.ActiveCfg = Release|Any CPU
		{3CB9DB30-E10D-457F-90DC-8A6536ECD7F1}.Ad-Hoc|iPhoneSimulator.Build.0 = Release|Any CPU
		{3CB9DB30-E10D-457F-90DC-8A6536ECD7F1}.Ad-Hoc|iPhoneSimulator.Deploy.0 = Release|Any CPU
		{3CB9DB30-E10D-457F-90DC-8A6536ECD7F1}.Ad-Hoc|x64.ActiveCfg = Release|Any CPU
		{3CB9DB30-E10D-457F-90DC-8A6536ECD7F1}.Ad-Hoc|x64.Build.0 = Release|Any CPU
		{3CB9DB30-E10D-457F-90DC-8A6536ECD7F1}.Ad-Hoc|x64.Deploy.0 = Release|Any CPU
		{3CB9DB30-E10D-457F-90DC-8A6536ECD7F1}.Ad-Hoc|x86.ActiveCfg = Release|Any CPU
		{3CB9DB30-E10D-457F-90DC-8A6536ECD7F1}.Ad-Hoc|x86.Build.0 = Release|Any CPU
		{3CB9DB30-E10D-457F-90DC-8A6536ECD7F1}.Ad-Hoc|x86.Deploy.0 = Release|Any CPU
		{3CB9DB30-E10D-457F-90DC-8A6536ECD7F1}.AppStore|Any CPU.ActiveCfg = Release|Any CPU
		{3CB9DB30-E10D-457F-90DC-8A6536ECD7F1}.AppStore|Any CPU.Build.0 = Release|Any CPU
		{3CB9DB30-E10D-457F-90DC-8A6536ECD7F1}.AppStore|Any CPU.Deploy.0 = Release|Any CPU
		{3CB9DB30-E10D-457F-90DC-8A6536ECD7F1}.AppStore|ARM.ActiveCfg = Release|Any CPU
		{3CB9DB30-E10D-457F-90DC-8A6536ECD7F1}.AppStore|ARM.Build.0 = Release|Any CPU
		{3CB9DB30-E10D-457F-90DC-8A6536ECD7F1}.AppStore|ARM.Deploy.0 = Release|Any CPU
		{3CB9DB30-E10D-457F-90DC-8A6536ECD7F1}.AppStore|iPhone.ActiveCfg = Release|Any CPU
		{3CB9DB30-E10D-457F-90DC-8A6536ECD7F1}.AppStore|iPhone.Build.0 = Release|Any CPU
		{3CB9DB30-E10D-457F-90DC-8A6536ECD7F1}.AppStore|iPhone.Deploy.0 = Release|Any CPU
		{3CB9DB30-E10D-457F-90DC-8A6536ECD7F1}.AppStore|iPhoneSimulator.ActiveCfg = Release|Any CPU
		{3CB9DB30-E10D-457F-90DC-8A6536ECD7F1}.AppStore|iPhoneSimulator.Build.0 = Release|Any CPU
		{3CB9DB30-E10D-457F-90DC-8A6536ECD7F1}.AppStore|iPhoneSimulator.Deploy.0 = Release|Any CPU
		{3CB9DB30-E10D-457F-90DC-8A6536ECD7F1}.AppStore|x64.ActiveCfg = Release|Any CPU
		{3CB9DB30-E10D-457F-90DC-8A6536ECD7F1}.AppStore|x64.Build.0 = Release|Any CPU
		{3CB9DB30-E10D-457F-90DC-8A6536ECD7F1}.AppStore|x64.Deploy.0 = Release|Any CPU
		{3CB9DB30-E10D-457F-90DC-8A6536ECD7F1}.AppStore|x86.ActiveCfg = Release|Any CPU
		{3CB9DB30-E10D-457F-90DC-8A6536ECD7F1}.AppStore|x86.Build.0 = Release|Any CPU
		{3CB9DB30-E10D-457F-90DC-8A6536ECD7F1}.AppStore|x86.Deploy.0 = Release|Any CPU
		{3CB9DB30-E10D-457F-90DC-8A6536ECD7F1}.Debug|Any CPU.ActiveCfg = Debug|Any CPU
		{3CB9DB30-E10D-457F-90DC-8A6536ECD7F1}.Debug|Any CPU.Build.0 = Debug|Any CPU
		{3CB9DB30-E10D-457F-90DC-8A6536ECD7F1}.Debug|Any CPU.Deploy.0 = Debug|Any CPU
		{3CB9DB30-E10D-457F-90DC-8A6536ECD7F1}.Debug|ARM.ActiveCfg = Debug|Any CPU
		{3CB9DB30-E10D-457F-90DC-8A6536ECD7F1}.Debug|ARM.Build.0 = Debug|Any CPU
		{3CB9DB30-E10D-457F-90DC-8A6536ECD7F1}.Debug|ARM.Deploy.0 = Debug|Any CPU
		{3CB9DB30-E10D-457F-90DC-8A6536ECD7F1}.Debug|iPhone.ActiveCfg = Debug|Any CPU
		{3CB9DB30-E10D-457F-90DC-8A6536ECD7F1}.Debug|iPhone.Build.0 = Debug|Any CPU
		{3CB9DB30-E10D-457F-90DC-8A6536ECD7F1}.Debug|iPhone.Deploy.0 = Debug|Any CPU
		{3CB9DB30-E10D-457F-90DC-8A6536ECD7F1}.Debug|iPhoneSimulator.ActiveCfg = Debug|Any CPU
		{3CB9DB30-E10D-457F-90DC-8A6536ECD7F1}.Debug|iPhoneSimulator.Build.0 = Debug|Any CPU
		{3CB9DB30-E10D-457F-90DC-8A6536ECD7F1}.Debug|iPhoneSimulator.Deploy.0 = Debug|Any CPU
		{3CB9DB30-E10D-457F-90DC-8A6536ECD7F1}.Debug|x64.ActiveCfg = Debug|Any CPU
		{3CB9DB30-E10D-457F-90DC-8A6536ECD7F1}.Debug|x64.Build.0 = Debug|Any CPU
		{3CB9DB30-E10D-457F-90DC-8A6536ECD7F1}.Debug|x64.Deploy.0 = Debug|Any CPU
		{3CB9DB30-E10D-457F-90DC-8A6536ECD7F1}.Debug|x86.ActiveCfg = Debug|Any CPU
		{3CB9DB30-E10D-457F-90DC-8A6536ECD7F1}.Debug|x86.Build.0 = Debug|Any CPU
		{3CB9DB30-E10D-457F-90DC-8A6536ECD7F1}.Debug|x86.Deploy.0 = Debug|Any CPU
		{3CB9DB30-E10D-457F-90DC-8A6536ECD7F1}.Release|Any CPU.ActiveCfg = Release|Any CPU
		{3CB9DB30-E10D-457F-90DC-8A6536ECD7F1}.Release|Any CPU.Build.0 = Release|Any CPU
		{3CB9DB30-E10D-457F-90DC-8A6536ECD7F1}.Release|Any CPU.Deploy.0 = Release|Any CPU
		{3CB9DB30-E10D-457F-90DC-8A6536ECD7F1}.Release|ARM.ActiveCfg = Release|Any CPU
		{3CB9DB30-E10D-457F-90DC-8A6536ECD7F1}.Release|ARM.Build.0 = Release|Any CPU
		{3CB9DB30-E10D-457F-90DC-8A6536ECD7F1}.Release|ARM.Deploy.0 = Release|Any CPU
		{3CB9DB30-E10D-457F-90DC-8A6536ECD7F1}.Release|iPhone.ActiveCfg = Release|Any CPU
		{3CB9DB30-E10D-457F-90DC-8A6536ECD7F1}.Release|iPhone.Build.0 = Release|Any CPU
		{3CB9DB30-E10D-457F-90DC-8A6536ECD7F1}.Release|iPhone.Deploy.0 = Release|Any CPU
		{3CB9DB30-E10D-457F-90DC-8A6536ECD7F1}.Release|iPhoneSimulator.ActiveCfg = Release|Any CPU
		{3CB9DB30-E10D-457F-90DC-8A6536ECD7F1}.Release|iPhoneSimulator.Build.0 = Release|Any CPU
		{3CB9DB30-E10D-457F-90DC-8A6536ECD7F1}.Release|iPhoneSimulator.Deploy.0 = Release|Any CPU
		{3CB9DB30-E10D-457F-90DC-8A6536ECD7F1}.Release|x64.ActiveCfg = Release|Any CPU
		{3CB9DB30-E10D-457F-90DC-8A6536ECD7F1}.Release|x64.Build.0 = Release|Any CPU
		{3CB9DB30-E10D-457F-90DC-8A6536ECD7F1}.Release|x64.Deploy.0 = Release|Any CPU
		{3CB9DB30-E10D-457F-90DC-8A6536ECD7F1}.Release|x86.ActiveCfg = Release|Any CPU
		{3CB9DB30-E10D-457F-90DC-8A6536ECD7F1}.Release|x86.Build.0 = Release|Any CPU
		{3CB9DB30-E10D-457F-90DC-8A6536ECD7F1}.Release|x86.Deploy.0 = Release|Any CPU
		{508F45DE-79F4-41F9-A053-40A1C970870A}.Ad-Hoc|Any CPU.ActiveCfg = Release|Any CPU
		{508F45DE-79F4-41F9-A053-40A1C970870A}.Ad-Hoc|Any CPU.Build.0 = Release|Any CPU
		{508F45DE-79F4-41F9-A053-40A1C970870A}.Ad-Hoc|ARM.ActiveCfg = Release|Any CPU
		{508F45DE-79F4-41F9-A053-40A1C970870A}.Ad-Hoc|ARM.Build.0 = Release|Any CPU
		{508F45DE-79F4-41F9-A053-40A1C970870A}.Ad-Hoc|iPhone.ActiveCfg = Release|Any CPU
		{508F45DE-79F4-41F9-A053-40A1C970870A}.Ad-Hoc|iPhone.Build.0 = Release|Any CPU
		{508F45DE-79F4-41F9-A053-40A1C970870A}.Ad-Hoc|iPhoneSimulator.ActiveCfg = Release|Any CPU
		{508F45DE-79F4-41F9-A053-40A1C970870A}.Ad-Hoc|iPhoneSimulator.Build.0 = Release|Any CPU
		{508F45DE-79F4-41F9-A053-40A1C970870A}.Ad-Hoc|x64.ActiveCfg = Release|Any CPU
		{508F45DE-79F4-41F9-A053-40A1C970870A}.Ad-Hoc|x64.Build.0 = Release|Any CPU
		{508F45DE-79F4-41F9-A053-40A1C970870A}.Ad-Hoc|x86.ActiveCfg = Release|Any CPU
		{508F45DE-79F4-41F9-A053-40A1C970870A}.Ad-Hoc|x86.Build.0 = Release|Any CPU
		{508F45DE-79F4-41F9-A053-40A1C970870A}.AppStore|Any CPU.ActiveCfg = Release|Any CPU
		{508F45DE-79F4-41F9-A053-40A1C970870A}.AppStore|Any CPU.Build.0 = Release|Any CPU
		{508F45DE-79F4-41F9-A053-40A1C970870A}.AppStore|ARM.ActiveCfg = Release|Any CPU
		{508F45DE-79F4-41F9-A053-40A1C970870A}.AppStore|ARM.Build.0 = Release|Any CPU
		{508F45DE-79F4-41F9-A053-40A1C970870A}.AppStore|iPhone.ActiveCfg = Release|Any CPU
		{508F45DE-79F4-41F9-A053-40A1C970870A}.AppStore|iPhone.Build.0 = Release|Any CPU
		{508F45DE-79F4-41F9-A053-40A1C970870A}.AppStore|iPhoneSimulator.ActiveCfg = Release|Any CPU
		{508F45DE-79F4-41F9-A053-40A1C970870A}.AppStore|iPhoneSimulator.Build.0 = Release|Any CPU
		{508F45DE-79F4-41F9-A053-40A1C970870A}.AppStore|x64.ActiveCfg = Release|Any CPU
		{508F45DE-79F4-41F9-A053-40A1C970870A}.AppStore|x64.Build.0 = Release|Any CPU
		{508F45DE-79F4-41F9-A053-40A1C970870A}.AppStore|x86.ActiveCfg = Release|Any CPU
		{508F45DE-79F4-41F9-A053-40A1C970870A}.AppStore|x86.Build.0 = Release|Any CPU
		{508F45DE-79F4-41F9-A053-40A1C970870A}.Debug|Any CPU.ActiveCfg = Debug|Any CPU
		{508F45DE-79F4-41F9-A053-40A1C970870A}.Debug|Any CPU.Build.0 = Debug|Any CPU
		{508F45DE-79F4-41F9-A053-40A1C970870A}.Debug|ARM.ActiveCfg = Debug|Any CPU
		{508F45DE-79F4-41F9-A053-40A1C970870A}.Debug|ARM.Build.0 = Debug|Any CPU
		{508F45DE-79F4-41F9-A053-40A1C970870A}.Debug|iPhone.ActiveCfg = Debug|Any CPU
		{508F45DE-79F4-41F9-A053-40A1C970870A}.Debug|iPhone.Build.0 = Debug|Any CPU
		{508F45DE-79F4-41F9-A053-40A1C970870A}.Debug|iPhoneSimulator.ActiveCfg = Debug|Any CPU
		{508F45DE-79F4-41F9-A053-40A1C970870A}.Debug|iPhoneSimulator.Build.0 = Debug|Any CPU
		{508F45DE-79F4-41F9-A053-40A1C970870A}.Debug|x64.ActiveCfg = Debug|Any CPU
		{508F45DE-79F4-41F9-A053-40A1C970870A}.Debug|x64.Build.0 = Debug|Any CPU
		{508F45DE-79F4-41F9-A053-40A1C970870A}.Debug|x86.ActiveCfg = Debug|Any CPU
		{508F45DE-79F4-41F9-A053-40A1C970870A}.Debug|x86.Build.0 = Debug|Any CPU
		{508F45DE-79F4-41F9-A053-40A1C970870A}.Release|Any CPU.ActiveCfg = Release|Any CPU
		{508F45DE-79F4-41F9-A053-40A1C970870A}.Release|Any CPU.Build.0 = Release|Any CPU
		{508F45DE-79F4-41F9-A053-40A1C970870A}.Release|ARM.ActiveCfg = Release|Any CPU
		{508F45DE-79F4-41F9-A053-40A1C970870A}.Release|ARM.Build.0 = Release|Any CPU
		{508F45DE-79F4-41F9-A053-40A1C970870A}.Release|iPhone.ActiveCfg = Release|Any CPU
		{508F45DE-79F4-41F9-A053-40A1C970870A}.Release|iPhone.Build.0 = Release|Any CPU
		{508F45DE-79F4-41F9-A053-40A1C970870A}.Release|iPhoneSimulator.ActiveCfg = Release|Any CPU
		{508F45DE-79F4-41F9-A053-40A1C970870A}.Release|iPhoneSimulator.Build.0 = Release|Any CPU
		{508F45DE-79F4-41F9-A053-40A1C970870A}.Release|x64.ActiveCfg = Release|Any CPU
		{508F45DE-79F4-41F9-A053-40A1C970870A}.Release|x64.Build.0 = Release|Any CPU
		{508F45DE-79F4-41F9-A053-40A1C970870A}.Release|x86.ActiveCfg = Release|Any CPU
		{508F45DE-79F4-41F9-A053-40A1C970870A}.Release|x86.Build.0 = Release|Any CPU
		{2AF69D57-84CD-408F-B369-722EE29C55DB}.Ad-Hoc|Any CPU.ActiveCfg = Release|x86
		{2AF69D57-84CD-408F-B369-722EE29C55DB}.Ad-Hoc|Any CPU.Build.0 = Release|x86
		{2AF69D57-84CD-408F-B369-722EE29C55DB}.Ad-Hoc|Any CPU.Deploy.0 = Release|x86
		{2AF69D57-84CD-408F-B369-722EE29C55DB}.Ad-Hoc|ARM.ActiveCfg = Release|ARM
		{2AF69D57-84CD-408F-B369-722EE29C55DB}.Ad-Hoc|ARM.Build.0 = Release|ARM
		{2AF69D57-84CD-408F-B369-722EE29C55DB}.Ad-Hoc|ARM.Deploy.0 = Release|ARM
		{2AF69D57-84CD-408F-B369-722EE29C55DB}.Ad-Hoc|iPhone.ActiveCfg = Release|x86
		{2AF69D57-84CD-408F-B369-722EE29C55DB}.Ad-Hoc|iPhone.Build.0 = Release|x86
		{2AF69D57-84CD-408F-B369-722EE29C55DB}.Ad-Hoc|iPhone.Deploy.0 = Release|x86
		{2AF69D57-84CD-408F-B369-722EE29C55DB}.Ad-Hoc|iPhoneSimulator.ActiveCfg = Release|x86
		{2AF69D57-84CD-408F-B369-722EE29C55DB}.Ad-Hoc|iPhoneSimulator.Build.0 = Release|x86
		{2AF69D57-84CD-408F-B369-722EE29C55DB}.Ad-Hoc|iPhoneSimulator.Deploy.0 = Release|x86
		{2AF69D57-84CD-408F-B369-722EE29C55DB}.Ad-Hoc|x64.ActiveCfg = Release|x64
		{2AF69D57-84CD-408F-B369-722EE29C55DB}.Ad-Hoc|x64.Build.0 = Release|x64
		{2AF69D57-84CD-408F-B369-722EE29C55DB}.Ad-Hoc|x64.Deploy.0 = Release|x64
		{2AF69D57-84CD-408F-B369-722EE29C55DB}.Ad-Hoc|x86.ActiveCfg = Release|x86
		{2AF69D57-84CD-408F-B369-722EE29C55DB}.Ad-Hoc|x86.Build.0 = Release|x86
		{2AF69D57-84CD-408F-B369-722EE29C55DB}.Ad-Hoc|x86.Deploy.0 = Release|x86
		{2AF69D57-84CD-408F-B369-722EE29C55DB}.AppStore|Any CPU.ActiveCfg = Release|x86
		{2AF69D57-84CD-408F-B369-722EE29C55DB}.AppStore|Any CPU.Build.0 = Release|x86
		{2AF69D57-84CD-408F-B369-722EE29C55DB}.AppStore|Any CPU.Deploy.0 = Release|x86
		{2AF69D57-84CD-408F-B369-722EE29C55DB}.AppStore|ARM.ActiveCfg = Release|ARM
		{2AF69D57-84CD-408F-B369-722EE29C55DB}.AppStore|ARM.Build.0 = Release|ARM
		{2AF69D57-84CD-408F-B369-722EE29C55DB}.AppStore|ARM.Deploy.0 = Release|ARM
		{2AF69D57-84CD-408F-B369-722EE29C55DB}.AppStore|iPhone.ActiveCfg = Release|x86
		{2AF69D57-84CD-408F-B369-722EE29C55DB}.AppStore|iPhone.Build.0 = Release|x86
		{2AF69D57-84CD-408F-B369-722EE29C55DB}.AppStore|iPhone.Deploy.0 = Release|x86
		{2AF69D57-84CD-408F-B369-722EE29C55DB}.AppStore|iPhoneSimulator.ActiveCfg = Release|x86
		{2AF69D57-84CD-408F-B369-722EE29C55DB}.AppStore|iPhoneSimulator.Build.0 = Release|x86
		{2AF69D57-84CD-408F-B369-722EE29C55DB}.AppStore|iPhoneSimulator.Deploy.0 = Release|x86
		{2AF69D57-84CD-408F-B369-722EE29C55DB}.AppStore|x64.ActiveCfg = Release|x64
		{2AF69D57-84CD-408F-B369-722EE29C55DB}.AppStore|x64.Build.0 = Release|x64
		{2AF69D57-84CD-408F-B369-722EE29C55DB}.AppStore|x64.Deploy.0 = Release|x64
		{2AF69D57-84CD-408F-B369-722EE29C55DB}.AppStore|x86.ActiveCfg = Release|x86
		{2AF69D57-84CD-408F-B369-722EE29C55DB}.AppStore|x86.Build.0 = Release|x86
		{2AF69D57-84CD-408F-B369-722EE29C55DB}.AppStore|x86.Deploy.0 = Release|x86
		{2AF69D57-84CD-408F-B369-722EE29C55DB}.Debug|Any CPU.ActiveCfg = Debug|x86
		{2AF69D57-84CD-408F-B369-722EE29C55DB}.Debug|ARM.ActiveCfg = Debug|ARM
		{2AF69D57-84CD-408F-B369-722EE29C55DB}.Debug|ARM.Build.0 = Debug|ARM
		{2AF69D57-84CD-408F-B369-722EE29C55DB}.Debug|ARM.Deploy.0 = Debug|ARM
		{2AF69D57-84CD-408F-B369-722EE29C55DB}.Debug|iPhone.ActiveCfg = Debug|x86
		{2AF69D57-84CD-408F-B369-722EE29C55DB}.Debug|iPhoneSimulator.ActiveCfg = Debug|x86
		{2AF69D57-84CD-408F-B369-722EE29C55DB}.Debug|x64.ActiveCfg = Debug|x64
		{2AF69D57-84CD-408F-B369-722EE29C55DB}.Debug|x64.Build.0 = Debug|x64
		{2AF69D57-84CD-408F-B369-722EE29C55DB}.Debug|x64.Deploy.0 = Debug|x64
		{2AF69D57-84CD-408F-B369-722EE29C55DB}.Debug|x86.ActiveCfg = Debug|x86
		{2AF69D57-84CD-408F-B369-722EE29C55DB}.Debug|x86.Build.0 = Debug|x86
		{2AF69D57-84CD-408F-B369-722EE29C55DB}.Debug|x86.Deploy.0 = Debug|x86
		{2AF69D57-84CD-408F-B369-722EE29C55DB}.Release|Any CPU.ActiveCfg = Release|x86
		{2AF69D57-84CD-408F-B369-722EE29C55DB}.Release|ARM.ActiveCfg = Release|ARM
		{2AF69D57-84CD-408F-B369-722EE29C55DB}.Release|ARM.Build.0 = Release|ARM
		{2AF69D57-84CD-408F-B369-722EE29C55DB}.Release|ARM.Deploy.0 = Release|ARM
		{2AF69D57-84CD-408F-B369-722EE29C55DB}.Release|iPhone.ActiveCfg = Release|x86
		{2AF69D57-84CD-408F-B369-722EE29C55DB}.Release|iPhoneSimulator.ActiveCfg = Release|x86
		{2AF69D57-84CD-408F-B369-722EE29C55DB}.Release|x64.ActiveCfg = Release|x64
		{2AF69D57-84CD-408F-B369-722EE29C55DB}.Release|x64.Build.0 = Release|x64
		{2AF69D57-84CD-408F-B369-722EE29C55DB}.Release|x64.Deploy.0 = Release|x64
		{2AF69D57-84CD-408F-B369-722EE29C55DB}.Release|x86.ActiveCfg = Release|x86
		{2AF69D57-84CD-408F-B369-722EE29C55DB}.Release|x86.Build.0 = Release|x86
		{2AF69D57-84CD-408F-B369-722EE29C55DB}.Release|x86.Deploy.0 = Release|x86
		{B40986E1-A5B0-4C4F-8C80-037D7531D6B6}.Ad-Hoc|Any CPU.ActiveCfg = Ad-Hoc|iPhoneSimulator
		{B40986E1-A5B0-4C4F-8C80-037D7531D6B6}.Ad-Hoc|ARM.ActiveCfg = Ad-Hoc|iPhone
		{B40986E1-A5B0-4C4F-8C80-037D7531D6B6}.Ad-Hoc|iPhone.ActiveCfg = Ad-Hoc|iPhone
		{B40986E1-A5B0-4C4F-8C80-037D7531D6B6}.Ad-Hoc|iPhone.Build.0 = Ad-Hoc|iPhone
		{B40986E1-A5B0-4C4F-8C80-037D7531D6B6}.Ad-Hoc|iPhoneSimulator.ActiveCfg = Ad-Hoc|iPhoneSimulator
		{B40986E1-A5B0-4C4F-8C80-037D7531D6B6}.Ad-Hoc|iPhoneSimulator.Build.0 = Ad-Hoc|iPhoneSimulator
		{B40986E1-A5B0-4C4F-8C80-037D7531D6B6}.Ad-Hoc|x64.ActiveCfg = Ad-Hoc|iPhone
		{B40986E1-A5B0-4C4F-8C80-037D7531D6B6}.Ad-Hoc|x86.ActiveCfg = Ad-Hoc|iPhone
		{B40986E1-A5B0-4C4F-8C80-037D7531D6B6}.AppStore|Any CPU.ActiveCfg = AppStore|iPhoneSimulator
		{B40986E1-A5B0-4C4F-8C80-037D7531D6B6}.AppStore|ARM.ActiveCfg = AppStore|iPhone
		{B40986E1-A5B0-4C4F-8C80-037D7531D6B6}.AppStore|iPhone.ActiveCfg = AppStore|iPhone
		{B40986E1-A5B0-4C4F-8C80-037D7531D6B6}.AppStore|iPhone.Build.0 = AppStore|iPhone
		{B40986E1-A5B0-4C4F-8C80-037D7531D6B6}.AppStore|iPhoneSimulator.ActiveCfg = AppStore|iPhoneSimulator
		{B40986E1-A5B0-4C4F-8C80-037D7531D6B6}.AppStore|iPhoneSimulator.Build.0 = AppStore|iPhoneSimulator
		{B40986E1-A5B0-4C4F-8C80-037D7531D6B6}.AppStore|x64.ActiveCfg = AppStore|iPhone
		{B40986E1-A5B0-4C4F-8C80-037D7531D6B6}.AppStore|x86.ActiveCfg = AppStore|iPhone
		{B40986E1-A5B0-4C4F-8C80-037D7531D6B6}.Debug|Any CPU.ActiveCfg = Debug|iPhoneSimulator
		{B40986E1-A5B0-4C4F-8C80-037D7531D6B6}.Debug|ARM.ActiveCfg = Debug|iPhone
		{B40986E1-A5B0-4C4F-8C80-037D7531D6B6}.Debug|iPhone.ActiveCfg = Debug|iPhone
		{B40986E1-A5B0-4C4F-8C80-037D7531D6B6}.Debug|iPhone.Build.0 = Debug|iPhone
		{B40986E1-A5B0-4C4F-8C80-037D7531D6B6}.Debug|iPhoneSimulator.ActiveCfg = Debug|iPhoneSimulator
		{B40986E1-A5B0-4C4F-8C80-037D7531D6B6}.Debug|iPhoneSimulator.Build.0 = Debug|iPhoneSimulator
		{B40986E1-A5B0-4C4F-8C80-037D7531D6B6}.Debug|x64.ActiveCfg = Debug|iPhone
		{B40986E1-A5B0-4C4F-8C80-037D7531D6B6}.Debug|x86.ActiveCfg = Debug|iPhone
		{B40986E1-A5B0-4C4F-8C80-037D7531D6B6}.Release|Any CPU.ActiveCfg = Release|iPhoneSimulator
		{B40986E1-A5B0-4C4F-8C80-037D7531D6B6}.Release|ARM.ActiveCfg = Release|iPhone
		{B40986E1-A5B0-4C4F-8C80-037D7531D6B6}.Release|iPhone.ActiveCfg = Release|iPhone
		{B40986E1-A5B0-4C4F-8C80-037D7531D6B6}.Release|iPhone.Build.0 = Release|iPhone
		{B40986E1-A5B0-4C4F-8C80-037D7531D6B6}.Release|iPhoneSimulator.ActiveCfg = Release|iPhoneSimulator
		{B40986E1-A5B0-4C4F-8C80-037D7531D6B6}.Release|iPhoneSimulator.Build.0 = Release|iPhoneSimulator
		{B40986E1-A5B0-4C4F-8C80-037D7531D6B6}.Release|x64.ActiveCfg = Release|iPhone
		{B40986E1-A5B0-4C4F-8C80-037D7531D6B6}.Release|x86.ActiveCfg = Release|iPhone
	EndGlobalSection
	GlobalSection(SolutionProperties) = preSolution
		HideSolutionNode = FALSE
	EndGlobalSection
EndGlobal
